
Microsoft Visual Studio Solution File, Format Version 12.00
# Visual Studio Version 17
VisualStudioVersion = 17.8.34511.84
MinimumVisualStudioVersion = 10.0.40219.1
Project("{9A19103F-16F7-4668-BE54-9A1E7A4F7556}") = "SimpleApp", "SimpleApp\SimpleApp.csproj", "{113C8C75-26AC-4635-9206-B7E1D8B94CFF}"
EndProject
Project("{9A19103F-16F7-4668-BE54-9A1E7A4F7556}") = "Lesson1.Task1", "Lesson1.Task1\Lesson1.Task1.csproj", "{9A4DC74F-D128-4CA6-825F-675FF9D32B51}"
EndProject
Project("{9A19103F-16F7-4668-BE54-9A1E7A4F7556}") = "Lesson3Task1", "Lesson3Task1\Lesson3Task1.csproj", "{7830E767-C369-4C11-8DB1-F7893FE6AF2D}"
EndProject
Project("{9A19103F-16F7-4668-BE54-9A1E7A4F7556}") = "Calculator", "Calculator\Calculator.csproj", "{6A6F89D3-F93D-4B12-BEA9-B00E038DDD91}"
EndProject
Project("{FAE04EC0-301F-11D3-BF4B-00C04F79EFBC}") = "BootStrap", "BootStrap\BootStrap.csproj", "{65B42C35-5E25-41AF-ADB7-FA3A1936E79E}"
EndProject
Global
	GlobalSection(SolutionConfigurationPlatforms) = preSolution
		Debug|Any CPU = Debug|Any CPU
		Release|Any CPU = Release|Any CPU
	EndGlobalSection
	GlobalSection(ProjectConfigurationPlatforms) = postSolution
		{113C8C75-26AC-4635-9206-B7E1D8B94CFF}.Debug|Any CPU.ActiveCfg = Debug|Any CPU
		{113C8C75-26AC-4635-9206-B7E1D8B94CFF}.Debug|Any CPU.Build.0 = Debug|Any CPU
		{113C8C75-26AC-4635-9206-B7E1D8B94CFF}.Release|Any CPU.ActiveCfg = Release|Any CPU
		{113C8C75-26AC-4635-9206-B7E1D8B94CFF}.Release|Any CPU.Build.0 = Release|Any CPU
		{9A4DC74F-D128-4CA6-825F-675FF9D32B51}.Debug|Any CPU.ActiveCfg = Debug|Any CPU
		{9A4DC74F-D128-4CA6-825F-675FF9D32B51}.Debug|Any CPU.Build.0 = Debug|Any CPU
		{9A4DC74F-D128-4CA6-825F-675FF9D32B51}.Release|Any CPU.ActiveCfg = Release|Any CPU
		{9A4DC74F-D128-4CA6-825F-675FF9D32B51}.Release|Any CPU.Build.0 = Release|Any CPU
		{7830E767-C369-4C11-8DB1-F7893FE6AF2D}.Debug|Any CPU.ActiveCfg = Debug|Any CPU
		{7830E767-C369-4C11-8DB1-F7893FE6AF2D}.Debug|Any CPU.Build.0 = Debug|Any CPU
		{7830E767-C369-4C11-8DB1-F7893FE6AF2D}.Release|Any CPU.ActiveCfg = Release|Any CPU
		{7830E767-C369-4C11-8DB1-F7893FE6AF2D}.Release|Any CPU.Build.0 = Release|Any CPU
		{6A6F89D3-F93D-4B12-BEA9-B00E038DDD91}.Debug|Any CPU.ActiveCfg = Debug|Any CPU
		{6A6F89D3-F93D-4B12-BEA9-B00E038DDD91}.Debug|Any CPU.Build.0 = Debug|Any CPU
		{6A6F89D3-F93D-4B12-BEA9-B00E038DDD91}.Release|Any CPU.ActiveCfg = Release|Any CPU
		{6A6F89D3-F93D-4B12-BEA9-B00E038DDD91}.Release|Any CPU.Build.0 = Release|Any CPU
		{65B42C35-5E25-41AF-ADB7-FA3A1936E79E}.Debug|Any CPU.ActiveCfg = Debug|Any CPU
		{65B42C35-5E25-41AF-ADB7-FA3A1936E79E}.Debug|Any CPU.Build.0 = Debug|Any CPU
		{65B42C35-5E25-41AF-ADB7-FA3A1936E79E}.Release|Any CPU.ActiveCfg = Release|Any CPU
		{65B42C35-5E25-41AF-ADB7-FA3A1936E79E}.Release|Any CPU.Build.0 = Release|Any CPU
	EndGlobalSection
	GlobalSection(SolutionProperties) = preSolution
		HideSolutionNode = FALSE
	EndGlobalSection
	GlobalSection(ExtensibilityGlobals) = postSolution
		SolutionGuid = {AAB79C9A-7D93-467F-AA74-1A38D3201E76}
	EndGlobalSection
EndGlobal
